
Microsoft Visual Studio Solution File, Format Version 12.00
# Visual Studio Version 17
VisualStudioVersion = 17.5.002.0
MinimumVisualStudioVersion = 10.0.40219.1
Project("{9A19103F-16F7-4668-BE54-9A1E7A4F7556}") = "TrilhaApiDesafio", "TrilhaApiDesafio.csproj", "{843F6587-01A9-4D7E-9630-1B364F90B5F9}"
EndProject
Global
	GlobalSection(SolutionConfigurationPlatforms) = preSolution
		Debug|Any CPU = Debug|Any CPU
		Release|Any CPU = Release|Any CPU
	EndGlobalSection
	GlobalSection(ProjectConfigurationPlatforms) = postSolution
		{843F6587-01A9-4D7E-9630-1B364F90B5F9}.Debug|Any CPU.ActiveCfg = Debug|Any CPU
		{843F6587-01A9-4D7E-9630-1B364F90B5F9}.Debug|Any CPU.Build.0 = Debug|Any CPU
		{843F6587-01A9-4D7E-9630-1B364F90B5F9}.Release|Any CPU.ActiveCfg = Release|Any CPU
		{843F6587-01A9-4D7E-9630-1B364F90B5F9}.Release|Any CPU.Build.0 = Release|Any CPU
	EndGlobalSection
	GlobalSection(SolutionProperties) = preSolution
		HideSolutionNode = FALSE
	EndGlobalSection
	GlobalSection(ExtensibilityGlobals) = postSolution
		SolutionGuid = {ABCFA91E-7004-499E-883C-C8E2819E874A}
	EndGlobalSection
EndGlobal
